
Microsoft Visual Studio Solution File, Format Version 12.00
# Visual Studio Version 17
VisualStudioVersion = 17.0.31903.59
MinimumVisualStudioVersion = 10.0.40219.1
Project("{2150E333-8FDC-42A3-9474-1A3956D46DE8}") = "src", "src", "{A313C30E-A16F-4EAE-AD8A-521B686AF737}"
EndProject
Project("{2150E333-8FDC-42A3-9474-1A3956D46DE8}") = "Product", "Product", "{DB55CDB4-4D4F-4455-8E77-C697E5522C7C}"
EndProject
Project("{9A19103F-16F7-4668-BE54-9A1E7A4F7556}") = "ProperNutritionDiary.Product.Domain", "src\Product\ProperNutritionDiary.Product.Domain\ProperNutritionDiary.Product.Domain.csproj", "{CBD80FDE-DB60-480D-8E0A-7AD6BF5053EC}"
EndProject
Project("{9A19103F-16F7-4668-BE54-9A1E7A4F7556}") = "ProperNutritionDiary.Product.Persistence", "src\Product\ProperNutritionDiary.Product.Persistence\ProperNutritionDiary.Product.Persistence.csproj", "{788B7B4E-39B2-4606-8661-B9DB4D13C4C0}"
EndProject
Project("{2150E333-8FDC-42A3-9474-1A3956D46DE8}") = "test", "test", "{96F5A8A4-9965-4A2F-9CDD-89E96186E613}"
EndProject
Project("{2150E333-8FDC-42A3-9474-1A3956D46DE8}") = "Product", "Product", "{15EDAB10-BB95-4366-94BB-8382D27EF063}"
EndProject
Project("{9A19103F-16F7-4668-BE54-9A1E7A4F7556}") = "ProperNutritionDiary.Test.Product.Test", "test\Product\ProperNutritionDiary.Test.Product.Test\ProperNutritionDiary.Test.Product.Test.csproj", "{FE1C429A-0B8E-429C-AACA-F91CEA9F025A}"
EndProject
Project("{2150E333-8FDC-42A3-9474-1A3956D46DE8}") = "BuildingBlocks", "BuildingBlocks", "{093C4B44-27B2-45AC-A510-DC9C9F67E9E5}"
EndProject
Project("{9A19103F-16F7-4668-BE54-9A1E7A4F7556}") = "ProperNutritionDiary.BuildingBlocks.PersistencePackages", "src\BuildingBlocks\ProperNutritionDiary.BuildingBlocks.PersistencePackages\ProperNutritionDiary.BuildingBlocks.PersistencePackages.csproj", "{29F833B1-5C61-4B87-9217-0D4125609A32}"
EndProject
Project("{2150E333-8FDC-42A3-9474-1A3956D46DE8}") = "Packages", "Packages", "{4C0AABFD-B528-40DE-8238-5B3EF74B433E}"
EndProject
Project("{9A19103F-16F7-4668-BE54-9A1E7A4F7556}") = "ProperNutritionDiary.Test.Packages", "test\Packages\ProperNutritionDiary.Test.Packages\ProperNutritionDiary.Test.Packages.csproj", "{149DC197-6007-4915-BEB0-18F884B8EE2F}"
EndProject
Project("{2150E333-8FDC-42A3-9474-1A3956D46DE8}") = "Solution Items", "Solution Items", "{8CC18A66-7B03-48AF-A30E-B003B01E7EEF}"
	ProjectSection(SolutionItems) = preProject
		.gitignore = .gitignore
	EndProjectSection
EndProject
Project("{9A19103F-16F7-4668-BE54-9A1E7A4F7556}") = "ProperNutritionDiary.BuildingBlocks.ApplicationPackage", "src\BuildingBlocks\ProperNutritionDiary.BuildingBlocks.ApplicationPackage\ProperNutritionDiary.BuildingBlocks.ApplicationPackage.csproj", "{3B428F2C-0AD5-49EE-ADF9-65BBA26D8AE5}"
EndProject
Project("{9A19103F-16F7-4668-BE54-9A1E7A4F7556}") = "ProperNutritionDiary.Product.Application", "src\Product\ProperNutritionDiary.Product.Application\ProperNutritionDiary.Product.Application.csproj", "{B4470E49-94FE-4D68-854C-3FF50791644C}"
EndProject
Project("{9A19103F-16F7-4668-BE54-9A1E7A4F7556}") = "ProperNutritionDiary.Product.Presentation", "src\Product\ProperNutritionDiary.Product.Presentation\ProperNutritionDiary.Product.Presentation.csproj", "{AD8C4B75-52BD-4A75-B746-1A1E80E1CF18}"
EndProject
Project("{9A19103F-16F7-4668-BE54-9A1E7A4F7556}") = "ProperNutritionDiary.BuildingBlocks.PresentationPackages", "src\BuildingBlocks\ProperNutritionDiary.BuildingBlocks.PresentationPackages\ProperNutritionDiary.BuildingBlocks.PresentationPackages.csproj", "{0A45E9A0-0687-44EA-8BEA-5EE205F803B8}"
EndProject
Project("{9A19103F-16F7-4668-BE54-9A1E7A4F7556}") = "ProperNutritionDiary.Product.Api", "src\Product\ProperNutritionDiary.Product.Api\ProperNutritionDiary.Product.Api.csproj", "{3E40DE43-3DD8-405E-A5B3-6C9EACD35686}"
EndProject
Project("{2150E333-8FDC-42A3-9474-1A3956D46DE8}") = "User", "User", "{279D57D4-EFCD-4C02-96FE-82BCF26576A3}"
EndProject
Project("{9A19103F-16F7-4668-BE54-9A1E7A4F7556}") = "ProperNutritionDiary.User.Api", "src\User\ProperNutritionDiary.User.Api\ProperNutritionDiary.User.Api.csproj", "{26966233-9713-4B8E-BD74-86EF9616F10A}"
EndProject
Project("{E53339B2-1760-4266-BCC7-CA923CBCF16C}") = "docker-compose", "docker-compose.dcproj", "{29051DFA-E793-432C-9585-A20D27FBE8FC}"
EndProject
Project("{2150E333-8FDC-42A3-9474-1A3956D46DE8}") = "Diary", "Diary", "{58F47D4A-6FFF-446A-9527-B5000CCDD0D9}"
EndProject
Project("{FAE04EC0-301F-11D3-BF4B-00C04F79EFBC}") = "ProperNutritionDiary.DiaryApi", "src\Diary\ProperNutritionDiary.DiaryApi\ProperNutritionDiary.DiaryApi.csproj", "{C09F52C7-BD4C-4D98-B49C-4691575AF8CF}"
EndProject
Project("{FAE04EC0-301F-11D3-BF4B-00C04F79EFBC}") = "ProperNutritionDiary.BuildingBlocks.EfBuildingBlocks", "src\BuildingBlocks\ProperNutritionDiary.BuildingBlocks.EfBuildingBlocks\ProperNutritionDiary.BuildingBlocks.EfBuildingBlocks.csproj", "{892FDC6F-31E1-4EFC-967E-B5FB13711E06}"
EndProject
Project("{FAE04EC0-301F-11D3-BF4B-00C04F79EFBC}") = "ProperNutritionDiary.BuildingBlocks.ProductGlobals", "src\BuildingBlocks\ProperNutritionDiary.BuildingBlocks.ProductGlobals\ProperNutritionDiary.BuildingBlocks.ProductGlobals.csproj", "{123D0B86-8D31-495B-900C-EB40894AC184}"
EndProject
Project("{2150E333-8FDC-42A3-9474-1A3956D46DE8}") = "UserPlan", "UserPlan", "{ABACB561-A85F-4ED4-8984-219A740C4828}"
EndProject
Project("{FAE04EC0-301F-11D3-BF4B-00C04F79EFBC}") = "ProperNutritionDiary.UserPlanApi", "src\UserPlan\ProperNutritionDiary.UserPlanApi\ProperNutritionDiary.UserPlanApi.csproj", "{073BD696-F015-4F4F-AA9A-E0F487EF85DC}"
EndProject
Project("{2150E333-8FDC-42A3-9474-1A3956D46DE8}") = "UserStats", "UserStats", "{45E7AA38-96C4-49E9-8B4A-B332C090C41A}"
EndProject
Project("{FAE04EC0-301F-11D3-BF4B-00C04F79EFBC}") = "ProperNutritionDiary.UserStatsApi", "src\UserStats\ProperNutritionDiary.UserStatsApi\ProperNutritionDiary.UserStatsApi.csproj", "{D79F6701-0C03-4E17-A253-51C7924B7737}"
EndProject
Project("{2150E333-8FDC-42A3-9474-1A3956D46DE8}") = "UserMenu", "UserMenu", "{8564921D-180D-4180-8036-843346C45538}"
EndProject
Project("{FAE04EC0-301F-11D3-BF4B-00C04F79EFBC}") = "ProperNutritionDiary.UserMenuApi", "src\UserMenu\ProperNutritionDiary.UserMenuApi\ProperNutritionDiary.UserMenuApi.csproj", "{555EDA7C-A9BE-45A6-A7E1-04CF38EEC2E5}"
EndProject
Project("{2150E333-8FDC-42A3-9474-1A3956D46DE8}") = "gateway", "gateway", "{63992C2E-E32A-403D-90F3-52A3DE57CFA3}"
EndProject
Project("{FAE04EC0-301F-11D3-BF4B-00C04F79EFBC}") = "api.gateway", "src\gateway\api.gateway\api.gateway.csproj", "{0B4E2D6A-9FFC-4ECF-8159-D440C6AAA3EA}"
EndProject
Project("{2150E333-8FDC-42A3-9474-1A3956D46DE8}") = "UserMenu", "UserMenu", "{6E326D14-3025-4AE1-A135-F8889DEB3980}"
EndProject
Project("{FAE04EC0-301F-11D3-BF4B-00C04F79EFBC}") = "ProperNutritionDiary.Test.UserMenu", "test\UserMenu\ProperNutritionDiary.Test.UserMenu\ProperNutritionDiary.Test.UserMenu.csproj", "{426236AB-AA87-4097-802E-1DF79C402C7B}"
EndProject
Project("{FAE04EC0-301F-11D3-BF4B-00C04F79EFBC}") = "ProperNutritionDiary.BuildingBlocks.DomainExtensions", "src\BuildingBlocks\ProperNutritionDiary.BuildingBlocks.DomainExtensions\ProperNutritionDiary.BuildingBlocks.DomainExtensions.csproj", "{838CDD76-8DB1-4B73-AA4F-D1F812DBA527}"
EndProject
Global
	GlobalSection(SolutionConfigurationPlatforms) = preSolution
		Debug|Any CPU = Debug|Any CPU
		Release|Any CPU = Release|Any CPU
	EndGlobalSection
	GlobalSection(ProjectConfigurationPlatforms) = postSolution
		{CBD80FDE-DB60-480D-8E0A-7AD6BF5053EC}.Debug|Any CPU.ActiveCfg = Debug|Any CPU
		{CBD80FDE-DB60-480D-8E0A-7AD6BF5053EC}.Debug|Any CPU.Build.0 = Debug|Any CPU
		{CBD80FDE-DB60-480D-8E0A-7AD6BF5053EC}.Release|Any CPU.ActiveCfg = Release|Any CPU
		{CBD80FDE-DB60-480D-8E0A-7AD6BF5053EC}.Release|Any CPU.Build.0 = Release|Any CPU
		{788B7B4E-39B2-4606-8661-B9DB4D13C4C0}.Debug|Any CPU.ActiveCfg = Debug|Any CPU
		{788B7B4E-39B2-4606-8661-B9DB4D13C4C0}.Debug|Any CPU.Build.0 = Debug|Any CPU
		{788B7B4E-39B2-4606-8661-B9DB4D13C4C0}.Release|Any CPU.ActiveCfg = Release|Any CPU
		{788B7B4E-39B2-4606-8661-B9DB4D13C4C0}.Release|Any CPU.Build.0 = Release|Any CPU
		{FE1C429A-0B8E-429C-AACA-F91CEA9F025A}.Debug|Any CPU.ActiveCfg = Debug|Any CPU
		{FE1C429A-0B8E-429C-AACA-F91CEA9F025A}.Debug|Any CPU.Build.0 = Debug|Any CPU
		{FE1C429A-0B8E-429C-AACA-F91CEA9F025A}.Release|Any CPU.ActiveCfg = Release|Any CPU
		{FE1C429A-0B8E-429C-AACA-F91CEA9F025A}.Release|Any CPU.Build.0 = Release|Any CPU
		{29F833B1-5C61-4B87-9217-0D4125609A32}.Debug|Any CPU.ActiveCfg = Debug|Any CPU
		{29F833B1-5C61-4B87-9217-0D4125609A32}.Debug|Any CPU.Build.0 = Debug|Any CPU
		{29F833B1-5C61-4B87-9217-0D4125609A32}.Release|Any CPU.ActiveCfg = Release|Any CPU
		{29F833B1-5C61-4B87-9217-0D4125609A32}.Release|Any CPU.Build.0 = Release|Any CPU
		{149DC197-6007-4915-BEB0-18F884B8EE2F}.Debug|Any CPU.ActiveCfg = Debug|Any CPU
		{149DC197-6007-4915-BEB0-18F884B8EE2F}.Debug|Any CPU.Build.0 = Debug|Any CPU
		{149DC197-6007-4915-BEB0-18F884B8EE2F}.Release|Any CPU.ActiveCfg = Release|Any CPU
		{149DC197-6007-4915-BEB0-18F884B8EE2F}.Release|Any CPU.Build.0 = Release|Any CPU
		{3B428F2C-0AD5-49EE-ADF9-65BBA26D8AE5}.Debug|Any CPU.ActiveCfg = Debug|Any CPU
		{3B428F2C-0AD5-49EE-ADF9-65BBA26D8AE5}.Debug|Any CPU.Build.0 = Debug|Any CPU
		{3B428F2C-0AD5-49EE-ADF9-65BBA26D8AE5}.Release|Any CPU.ActiveCfg = Release|Any CPU
		{3B428F2C-0AD5-49EE-ADF9-65BBA26D8AE5}.Release|Any CPU.Build.0 = Release|Any CPU
		{B4470E49-94FE-4D68-854C-3FF50791644C}.Debug|Any CPU.ActiveCfg = Debug|Any CPU
		{B4470E49-94FE-4D68-854C-3FF50791644C}.Debug|Any CPU.Build.0 = Debug|Any CPU
		{B4470E49-94FE-4D68-854C-3FF50791644C}.Release|Any CPU.ActiveCfg = Release|Any CPU
		{B4470E49-94FE-4D68-854C-3FF50791644C}.Release|Any CPU.Build.0 = Release|Any CPU
		{AD8C4B75-52BD-4A75-B746-1A1E80E1CF18}.Debug|Any CPU.ActiveCfg = Debug|Any CPU
		{AD8C4B75-52BD-4A75-B746-1A1E80E1CF18}.Debug|Any CPU.Build.0 = Debug|Any CPU
		{AD8C4B75-52BD-4A75-B746-1A1E80E1CF18}.Release|Any CPU.ActiveCfg = Release|Any CPU
		{AD8C4B75-52BD-4A75-B746-1A1E80E1CF18}.Release|Any CPU.Build.0 = Release|Any CPU
		{0A45E9A0-0687-44EA-8BEA-5EE205F803B8}.Debug|Any CPU.ActiveCfg = Debug|Any CPU
		{0A45E9A0-0687-44EA-8BEA-5EE205F803B8}.Debug|Any CPU.Build.0 = Debug|Any CPU
		{0A45E9A0-0687-44EA-8BEA-5EE205F803B8}.Release|Any CPU.ActiveCfg = Release|Any CPU
		{0A45E9A0-0687-44EA-8BEA-5EE205F803B8}.Release|Any CPU.Build.0 = Release|Any CPU
		{3E40DE43-3DD8-405E-A5B3-6C9EACD35686}.Debug|Any CPU.ActiveCfg = Debug|Any CPU
		{3E40DE43-3DD8-405E-A5B3-6C9EACD35686}.Debug|Any CPU.Build.0 = Debug|Any CPU
		{3E40DE43-3DD8-405E-A5B3-6C9EACD35686}.Release|Any CPU.ActiveCfg = Release|Any CPU
		{3E40DE43-3DD8-405E-A5B3-6C9EACD35686}.Release|Any CPU.Build.0 = Release|Any CPU
		{26966233-9713-4B8E-BD74-86EF9616F10A}.Debug|Any CPU.ActiveCfg = Debug|Any CPU
		{26966233-9713-4B8E-BD74-86EF9616F10A}.Debug|Any CPU.Build.0 = Debug|Any CPU
		{26966233-9713-4B8E-BD74-86EF9616F10A}.Release|Any CPU.ActiveCfg = Release|Any CPU
		{26966233-9713-4B8E-BD74-86EF9616F10A}.Release|Any CPU.Build.0 = Release|Any CPU
		{29051DFA-E793-432C-9585-A20D27FBE8FC}.Debug|Any CPU.ActiveCfg = Debug|Any CPU
		{29051DFA-E793-432C-9585-A20D27FBE8FC}.Debug|Any CPU.Build.0 = Debug|Any CPU
		{29051DFA-E793-432C-9585-A20D27FBE8FC}.Release|Any CPU.ActiveCfg = Release|Any CPU
		{29051DFA-E793-432C-9585-A20D27FBE8FC}.Release|Any CPU.Build.0 = Release|Any CPU
		{C09F52C7-BD4C-4D98-B49C-4691575AF8CF}.Debug|Any CPU.ActiveCfg = Debug|Any CPU
		{C09F52C7-BD4C-4D98-B49C-4691575AF8CF}.Debug|Any CPU.Build.0 = Debug|Any CPU
		{C09F52C7-BD4C-4D98-B49C-4691575AF8CF}.Release|Any CPU.ActiveCfg = Release|Any CPU
		{C09F52C7-BD4C-4D98-B49C-4691575AF8CF}.Release|Any CPU.Build.0 = Release|Any CPU
		{892FDC6F-31E1-4EFC-967E-B5FB13711E06}.Debug|Any CPU.ActiveCfg = Debug|Any CPU
		{892FDC6F-31E1-4EFC-967E-B5FB13711E06}.Debug|Any CPU.Build.0 = Debug|Any CPU
		{892FDC6F-31E1-4EFC-967E-B5FB13711E06}.Release|Any CPU.ActiveCfg = Release|Any CPU
		{892FDC6F-31E1-4EFC-967E-B5FB13711E06}.Release|Any CPU.Build.0 = Release|Any CPU
		{123D0B86-8D31-495B-900C-EB40894AC184}.Debug|Any CPU.ActiveCfg = Debug|Any CPU
		{123D0B86-8D31-495B-900C-EB40894AC184}.Debug|Any CPU.Build.0 = Debug|Any CPU
		{123D0B86-8D31-495B-900C-EB40894AC184}.Release|Any CPU.ActiveCfg = Release|Any CPU
		{123D0B86-8D31-495B-900C-EB40894AC184}.Release|Any CPU.Build.0 = Release|Any CPU
		{073BD696-F015-4F4F-AA9A-E0F487EF85DC}.Debug|Any CPU.ActiveCfg = Debug|Any CPU
		{073BD696-F015-4F4F-AA9A-E0F487EF85DC}.Debug|Any CPU.Build.0 = Debug|Any CPU
		{073BD696-F015-4F4F-AA9A-E0F487EF85DC}.Release|Any CPU.ActiveCfg = Release|Any CPU
		{073BD696-F015-4F4F-AA9A-E0F487EF85DC}.Release|Any CPU.Build.0 = Release|Any CPU
		{D79F6701-0C03-4E17-A253-51C7924B7737}.Debug|Any CPU.ActiveCfg = Debug|Any CPU
		{D79F6701-0C03-4E17-A253-51C7924B7737}.Debug|Any CPU.Build.0 = Debug|Any CPU
		{D79F6701-0C03-4E17-A253-51C7924B7737}.Release|Any CPU.ActiveCfg = Release|Any CPU
		{D79F6701-0C03-4E17-A253-51C7924B7737}.Release|Any CPU.Build.0 = Release|Any CPU
		{555EDA7C-A9BE-45A6-A7E1-04CF38EEC2E5}.Debug|Any CPU.ActiveCfg = Debug|Any CPU
		{555EDA7C-A9BE-45A6-A7E1-04CF38EEC2E5}.Debug|Any CPU.Build.0 = Debug|Any CPU
		{555EDA7C-A9BE-45A6-A7E1-04CF38EEC2E5}.Release|Any CPU.ActiveCfg = Release|Any CPU
		{555EDA7C-A9BE-45A6-A7E1-04CF38EEC2E5}.Release|Any CPU.Build.0 = Release|Any CPU
		{0B4E2D6A-9FFC-4ECF-8159-D440C6AAA3EA}.Debug|Any CPU.ActiveCfg = Debug|Any CPU
		{0B4E2D6A-9FFC-4ECF-8159-D440C6AAA3EA}.Debug|Any CPU.Build.0 = Debug|Any CPU
		{0B4E2D6A-9FFC-4ECF-8159-D440C6AAA3EA}.Release|Any CPU.ActiveCfg = Release|Any CPU
		{0B4E2D6A-9FFC-4ECF-8159-D440C6AAA3EA}.Release|Any CPU.Build.0 = Release|Any CPU
		{426236AB-AA87-4097-802E-1DF79C402C7B}.Debug|Any CPU.ActiveCfg = Debug|Any CPU
		{426236AB-AA87-4097-802E-1DF79C402C7B}.Debug|Any CPU.Build.0 = Debug|Any CPU
		{426236AB-AA87-4097-802E-1DF79C402C7B}.Release|Any CPU.ActiveCfg = Release|Any CPU
		{426236AB-AA87-4097-802E-1DF79C402C7B}.Release|Any CPU.Build.0 = Release|Any CPU
		{838CDD76-8DB1-4B73-AA4F-D1F812DBA527}.Debug|Any CPU.ActiveCfg = Debug|Any CPU
		{838CDD76-8DB1-4B73-AA4F-D1F812DBA527}.Debug|Any CPU.Build.0 = Debug|Any CPU
		{838CDD76-8DB1-4B73-AA4F-D1F812DBA527}.Release|Any CPU.ActiveCfg = Release|Any CPU
		{838CDD76-8DB1-4B73-AA4F-D1F812DBA527}.Release|Any CPU.Build.0 = Release|Any CPU
	EndGlobalSection
	GlobalSection(SolutionProperties) = preSolution
		HideSolutionNode = FALSE
	EndGlobalSection
	GlobalSection(NestedProjects) = preSolution
		{DB55CDB4-4D4F-4455-8E77-C697E5522C7C} = {A313C30E-A16F-4EAE-AD8A-521B686AF737}
		{CBD80FDE-DB60-480D-8E0A-7AD6BF5053EC} = {DB55CDB4-4D4F-4455-8E77-C697E5522C7C}
		{788B7B4E-39B2-4606-8661-B9DB4D13C4C0} = {DB55CDB4-4D4F-4455-8E77-C697E5522C7C}
		{15EDAB10-BB95-4366-94BB-8382D27EF063} = {96F5A8A4-9965-4A2F-9CDD-89E96186E613}
		{FE1C429A-0B8E-429C-AACA-F91CEA9F025A} = {15EDAB10-BB95-4366-94BB-8382D27EF063}
		{093C4B44-27B2-45AC-A510-DC9C9F67E9E5} = {A313C30E-A16F-4EAE-AD8A-521B686AF737}
		{29F833B1-5C61-4B87-9217-0D4125609A32} = {093C4B44-27B2-45AC-A510-DC9C9F67E9E5}
		{4C0AABFD-B528-40DE-8238-5B3EF74B433E} = {96F5A8A4-9965-4A2F-9CDD-89E96186E613}
		{149DC197-6007-4915-BEB0-18F884B8EE2F} = {4C0AABFD-B528-40DE-8238-5B3EF74B433E}
		{3B428F2C-0AD5-49EE-ADF9-65BBA26D8AE5} = {093C4B44-27B2-45AC-A510-DC9C9F67E9E5}
		{B4470E49-94FE-4D68-854C-3FF50791644C} = {DB55CDB4-4D4F-4455-8E77-C697E5522C7C}
		{AD8C4B75-52BD-4A75-B746-1A1E80E1CF18} = {DB55CDB4-4D4F-4455-8E77-C697E5522C7C}
		{0A45E9A0-0687-44EA-8BEA-5EE205F803B8} = {093C4B44-27B2-45AC-A510-DC9C9F67E9E5}
		{3E40DE43-3DD8-405E-A5B3-6C9EACD35686} = {DB55CDB4-4D4F-4455-8E77-C697E5522C7C}
		{279D57D4-EFCD-4C02-96FE-82BCF26576A3} = {A313C30E-A16F-4EAE-AD8A-521B686AF737}
		{26966233-9713-4B8E-BD74-86EF9616F10A} = {279D57D4-EFCD-4C02-96FE-82BCF26576A3}
		{58F47D4A-6FFF-446A-9527-B5000CCDD0D9} = {A313C30E-A16F-4EAE-AD8A-521B686AF737}
		{C09F52C7-BD4C-4D98-B49C-4691575AF8CF} = {58F47D4A-6FFF-446A-9527-B5000CCDD0D9}
		{892FDC6F-31E1-4EFC-967E-B5FB13711E06} = {093C4B44-27B2-45AC-A510-DC9C9F67E9E5}
		{123D0B86-8D31-495B-900C-EB40894AC184} = {093C4B44-27B2-45AC-A510-DC9C9F67E9E5}
		{ABACB561-A85F-4ED4-8984-219A740C4828} = {A313C30E-A16F-4EAE-AD8A-521B686AF737}
		{073BD696-F015-4F4F-AA9A-E0F487EF85DC} = {ABACB561-A85F-4ED4-8984-219A740C4828}
		{45E7AA38-96C4-49E9-8B4A-B332C090C41A} = {A313C30E-A16F-4EAE-AD8A-521B686AF737}
		{D79F6701-0C03-4E17-A253-51C7924B7737} = {45E7AA38-96C4-49E9-8B4A-B332C090C41A}
		{8564921D-180D-4180-8036-843346C45538} = {A313C30E-A16F-4EAE-AD8A-521B686AF737}
		{555EDA7C-A9BE-45A6-A7E1-04CF38EEC2E5} = {8564921D-180D-4180-8036-843346C45538}
		{63992C2E-E32A-403D-90F3-52A3DE57CFA3} = {A313C30E-A16F-4EAE-AD8A-521B686AF737}
		{0B4E2D6A-9FFC-4ECF-8159-D440C6AAA3EA} = {63992C2E-E32A-403D-90F3-52A3DE57CFA3}
		{6E326D14-3025-4AE1-A135-F8889DEB3980} = {96F5A8A4-9965-4A2F-9CDD-89E96186E613}
		{426236AB-AA87-4097-802E-1DF79C402C7B} = {6E326D14-3025-4AE1-A135-F8889DEB3980}
		{838CDD76-8DB1-4B73-AA4F-D1F812DBA527} = {093C4B44-27B2-45AC-A510-DC9C9F67E9E5}
	EndGlobalSection
	GlobalSection(ExtensibilityGlobals) = postSolution
		SolutionGuid = {E0178E4B-CEE3-4525-B588-97EB41A57AA9}
	EndGlobalSection
EndGlobal
