
Microsoft Visual Studio Solution File, Format Version 12.00
# Visual Studio Version 17
VisualStudioVersion = 17.5.002.0
MinimumVisualStudioVersion = 10.0.40219.1
Project("{9A19103F-16F7-4668-BE54-9A1E7A4F7556}") = "ProperNutritionDiary.Product.Domain", "ProperNutritionDiary.Product.Domain.csproj", "{BE5E7015-2563-4F18-82F0-9F9EC028D908}"
EndProject
Global
	GlobalSection(SolutionConfigurationPlatforms) = preSolution
		Debug|Any CPU = Debug|Any CPU
		Release|Any CPU = Release|Any CPU
	EndGlobalSection
	GlobalSection(ProjectConfigurationPlatforms) = postSolution
		{BE5E7015-2563-4F18-82F0-9F9EC028D908}.Debug|Any CPU.ActiveCfg = Debug|Any CPU
		{BE5E7015-2563-4F18-82F0-9F9EC028D908}.Debug|Any CPU.Build.0 = Debug|Any CPU
		{BE5E7015-2563-4F18-82F0-9F9EC028D908}.Release|Any CPU.ActiveCfg = Release|Any CPU
		{BE5E7015-2563-4F18-82F0-9F9EC028D908}.Release|Any CPU.Build.0 = Release|Any CPU
	EndGlobalSection
	GlobalSection(SolutionProperties) = preSolution
		HideSolutionNode = FALSE
	EndGlobalSection
	GlobalSection(ExtensibilityGlobals) = postSolution
		SolutionGuid = {1306B611-4F5D-4152-93CC-018E7A1591C5}
	EndGlobalSection
EndGlobal
