
Microsoft Visual Studio Solution File, Format Version 12.00
# Visual Studio Version 17
VisualStudioVersion = 17.5.002.0
MinimumVisualStudioVersion = 10.0.40219.1
Project("{9A19103F-16F7-4668-BE54-9A1E7A4F7556}") = "ProperNutritionDiary.Test.Product.Test", "ProperNutritionDiary.Test.Product.Test.csproj", "{A1D9A933-1F33-4AB8-9B0F-167F9D55B152}"
EndProject
Global
	GlobalSection(SolutionConfigurationPlatforms) = preSolution
		Debug|Any CPU = Debug|Any CPU
		Release|Any CPU = Release|Any CPU
	EndGlobalSection
	GlobalSection(ProjectConfigurationPlatforms) = postSolution
		{A1D9A933-1F33-4AB8-9B0F-167F9D55B152}.Debug|Any CPU.ActiveCfg = Debug|Any CPU
		{A1D9A933-1F33-4AB8-9B0F-167F9D55B152}.Debug|Any CPU.Build.0 = Debug|Any CPU
		{A1D9A933-1F33-4AB8-9B0F-167F9D55B152}.Release|Any CPU.ActiveCfg = Release|Any CPU
		{A1D9A933-1F33-4AB8-9B0F-167F9D55B152}.Release|Any CPU.Build.0 = Release|Any CPU
	EndGlobalSection
	GlobalSection(SolutionProperties) = preSolution
		HideSolutionNode = FALSE
	EndGlobalSection
	GlobalSection(ExtensibilityGlobals) = postSolution
		SolutionGuid = {998680C5-31E4-4658-A115-ADBAC5D2615F}
	EndGlobalSection
EndGlobal
