
Microsoft Visual Studio Solution File, Format Version 12.00
# Visual Studio Version 17
VisualStudioVersion = 17.5.002.0
MinimumVisualStudioVersion = 10.0.40219.1
Project("{9A19103F-16F7-4668-BE54-9A1E7A4F7556}") = "ProperNutritionDiary.UserStatsApi", "ProperNutritionDiary.UserStatsApi.csproj", "{DE8D2753-B8C8-4944-AE6B-D81181C27325}"
EndProject
Global
	GlobalSection(SolutionConfigurationPlatforms) = preSolution
		Debug|Any CPU = Debug|Any CPU
		Release|Any CPU = Release|Any CPU
	EndGlobalSection
	GlobalSection(ProjectConfigurationPlatforms) = postSolution
		{DE8D2753-B8C8-4944-AE6B-D81181C27325}.Debug|Any CPU.ActiveCfg = Debug|Any CPU
		{DE8D2753-B8C8-4944-AE6B-D81181C27325}.Debug|Any CPU.Build.0 = Debug|Any CPU
		{DE8D2753-B8C8-4944-AE6B-D81181C27325}.Release|Any CPU.ActiveCfg = Release|Any CPU
		{DE8D2753-B8C8-4944-AE6B-D81181C27325}.Release|Any CPU.Build.0 = Release|Any CPU
	EndGlobalSection
	GlobalSection(SolutionProperties) = preSolution
		HideSolutionNode = FALSE
	EndGlobalSection
	GlobalSection(ExtensibilityGlobals) = postSolution
		SolutionGuid = {6453F296-4B23-4745-9E68-875AD337D3A3}
	EndGlobalSection
EndGlobal
