
Microsoft Visual Studio Solution File, Format Version 12.00
# Visual Studio Version 17
VisualStudioVersion = 17.5.002.0
MinimumVisualStudioVersion = 10.0.40219.1
Project("{9A19103F-16F7-4668-BE54-9A1E7A4F7556}") = "ProperNutritionDiary.Product.Domain", "ProperNutritionDiary.Product.Domain\ProperNutritionDiary.Product.Domain.csproj", "{FABC4BD7-B470-432F-8C86-790837F00456}"
EndProject
Project("{9A19103F-16F7-4668-BE54-9A1E7A4F7556}") = "ProperNutritionDiary.Product.Api", "ProperNutritionDiary.Product.Api\ProperNutritionDiary.Product.Api.csproj", "{1BDBBD75-1388-4E61-BDAB-30BE7ABF7DD7}"
EndProject
Project("{9A19103F-16F7-4668-BE54-9A1E7A4F7556}") = "ProperNutritionDiary.Product.Application", "ProperNutritionDiary.Product.Application\ProperNutritionDiary.Product.Application.csproj", "{BF4DAB92-32BC-4A77-A315-89C46C1F53F2}"
EndProject
Project("{9A19103F-16F7-4668-BE54-9A1E7A4F7556}") = "ProperNutritionDiary.Product.Persistence", "ProperNutritionDiary.Product.Persistence\ProperNutritionDiary.Product.Persistence.csproj", "{75AD8FD8-4F38-4453-B3CF-8F96BD74A5DF}"
EndProject
Project("{9A19103F-16F7-4668-BE54-9A1E7A4F7556}") = "ProperNutritionDiary.Product.Presentation", "ProperNutritionDiary.Product.Presentation\ProperNutritionDiary.Product.Presentation.csproj", "{8096E95B-B1F3-4D25-8765-504633550288}"
EndProject
Global
	GlobalSection(SolutionConfigurationPlatforms) = preSolution
		Debug|Any CPU = Debug|Any CPU
		Release|Any CPU = Release|Any CPU
	EndGlobalSection
	GlobalSection(ProjectConfigurationPlatforms) = postSolution
		{FABC4BD7-B470-432F-8C86-790837F00456}.Debug|Any CPU.ActiveCfg = Debug|Any CPU
		{FABC4BD7-B470-432F-8C86-790837F00456}.Debug|Any CPU.Build.0 = Debug|Any CPU
		{FABC4BD7-B470-432F-8C86-790837F00456}.Release|Any CPU.ActiveCfg = Release|Any CPU
		{FABC4BD7-B470-432F-8C86-790837F00456}.Release|Any CPU.Build.0 = Release|Any CPU
		{1BDBBD75-1388-4E61-BDAB-30BE7ABF7DD7}.Debug|Any CPU.ActiveCfg = Debug|Any CPU
		{1BDBBD75-1388-4E61-BDAB-30BE7ABF7DD7}.Debug|Any CPU.Build.0 = Debug|Any CPU
		{1BDBBD75-1388-4E61-BDAB-30BE7ABF7DD7}.Release|Any CPU.ActiveCfg = Release|Any CPU
		{1BDBBD75-1388-4E61-BDAB-30BE7ABF7DD7}.Release|Any CPU.Build.0 = Release|Any CPU
		{BF4DAB92-32BC-4A77-A315-89C46C1F53F2}.Debug|Any CPU.ActiveCfg = Debug|Any CPU
		{BF4DAB92-32BC-4A77-A315-89C46C1F53F2}.Debug|Any CPU.Build.0 = Debug|Any CPU
		{BF4DAB92-32BC-4A77-A315-89C46C1F53F2}.Release|Any CPU.ActiveCfg = Release|Any CPU
		{BF4DAB92-32BC-4A77-A315-89C46C1F53F2}.Release|Any CPU.Build.0 = Release|Any CPU
		{75AD8FD8-4F38-4453-B3CF-8F96BD74A5DF}.Debug|Any CPU.ActiveCfg = Debug|Any CPU
		{75AD8FD8-4F38-4453-B3CF-8F96BD74A5DF}.Debug|Any CPU.Build.0 = Debug|Any CPU
		{75AD8FD8-4F38-4453-B3CF-8F96BD74A5DF}.Release|Any CPU.ActiveCfg = Release|Any CPU
		{75AD8FD8-4F38-4453-B3CF-8F96BD74A5DF}.Release|Any CPU.Build.0 = Release|Any CPU
		{8096E95B-B1F3-4D25-8765-504633550288}.Debug|Any CPU.ActiveCfg = Debug|Any CPU
		{8096E95B-B1F3-4D25-8765-504633550288}.Debug|Any CPU.Build.0 = Debug|Any CPU
		{8096E95B-B1F3-4D25-8765-504633550288}.Release|Any CPU.ActiveCfg = Release|Any CPU
		{8096E95B-B1F3-4D25-8765-504633550288}.Release|Any CPU.Build.0 = Release|Any CPU
	EndGlobalSection
	GlobalSection(SolutionProperties) = preSolution
		HideSolutionNode = FALSE
	EndGlobalSection
	GlobalSection(ExtensibilityGlobals) = postSolution
		SolutionGuid = {BA87C764-63E4-4670-B8D3-194D82B12443}
	EndGlobalSection
EndGlobal
